// !$*UTF8*$!
{
	archiveVersion = 1;
	classes = {
	};
	objectVersion = 50;
	objects = {

/* Begin PBXBuildFile section */
		EBE798D027D28EBD00B3218C /* main.cpp in Sources */ = {isa = PBXBuildFile; fileRef = EBE798CF27D28EBD00B3218C /* main.cpp */; };
		EBE798D927D28EF600B3218C /* PersonProfile.cpp in Sources */ = {isa = PBXBuildFile; fileRef = EBE798D727D28EF600B3218C /* PersonProfile.cpp */; };
		EBE798DD27D28F0900B3218C /* MatchMaker.cpp in Sources */ = {isa = PBXBuildFile; fileRef = EBE798DB27D28F0900B3218C /* MatchMaker.cpp */; };
		EBE798E127D28F1B00B3218C /* AttributeTranslator.cpp in Sources */ = {isa = PBXBuildFile; fileRef = EBE798DF27D28F1B00B3218C /* AttributeTranslator.cpp */; };
		EBE798E627D28F3300B3218C /* MemberDatabase.cpp in Sources */ = {isa = PBXBuildFile; fileRef = EBE798E427D28F3300B3218C /* MemberDatabase.cpp */; };
/* End PBXBuildFile section */

/* Begin PBXCopyFilesBuildPhase section */
		EBE798CA27D28EBD00B3218C /* CopyFiles */ = {
			isa = PBXCopyFilesBuildPhase;
			buildActionMask = 2147483647;
			dstPath = /usr/share/man/man1/;
			dstSubfolderSpec = 0;
			files = (
			);
			runOnlyForDeploymentPostprocessing = 1;
		};
/* End PBXCopyFilesBuildPhase section */

/* Begin PBXFileReference section */
		EBE798CC27D28EBD00B3218C /* Project_4_ */ = {isa = PBXFileReference; explicitFileType = "compiled.mach-o.executable"; includeInIndex = 0; path = Project_4_; sourceTree = BUILT_PRODUCTS_DIR; };
		EBE798CF27D28EBD00B3218C /* main.cpp */ = {isa = PBXFileReference; lastKnownFileType = sourcecode.cpp.cpp; path = main.cpp; sourceTree = "<group>"; };
		EBE798D727D28EF600B3218C /* PersonProfile.cpp */ = {isa = PBXFileReference; lastKnownFileType = sourcecode.cpp.cpp; path = PersonProfile.cpp; sourceTree = "<group>"; };
		EBE798D827D28EF600B3218C /* PersonProfile.h */ = {isa = PBXFileReference; lastKnownFileType = sourcecode.c.h; path = PersonProfile.h; sourceTree = "<group>"; };
		EBE798DB27D28F0900B3218C /* MatchMaker.cpp */ = {isa = PBXFileReference; lastKnownFileType = sourcecode.cpp.cpp; path = MatchMaker.cpp; sourceTree = "<group>"; };
		EBE798DC27D28F0900B3218C /* MatchMaker.h */ = {isa = PBXFileReference; lastKnownFileType = sourcecode.c.h; path = MatchMaker.h; sourceTree = "<group>"; };
		EBE798DF27D28F1B00B3218C /* AttributeTranslator.cpp */ = {isa = PBXFileReference; lastKnownFileType = sourcecode.cpp.cpp; path = AttributeTranslator.cpp; sourceTree = "<group>"; };
		EBE798E027D28F1B00B3218C /* AttributeTranslator.h */ = {isa = PBXFileReference; lastKnownFileType = sourcecode.c.h; path = AttributeTranslator.h; sourceTree = "<group>"; };
		EBE798E427D28F3300B3218C /* MemberDatabase.cpp */ = {isa = PBXFileReference; lastKnownFileType = sourcecode.cpp.cpp; path = MemberDatabase.cpp; sourceTree = "<group>"; };
		EBE798E527D28F3300B3218C /* MemberDatabase.h */ = {isa = PBXFileReference; lastKnownFileType = sourcecode.c.h; path = MemberDatabase.h; sourceTree = "<group>"; };
		EBE798EA27D28F5F00B3218C /* provided.h */ = {isa = PBXFileReference; lastKnownFileType = sourcecode.c.h; path = provided.h; sourceTree = "<group>"; };
		EBE798EC27D2902100B3218C /* RadixTree.h */ = {isa = PBXFileReference; lastKnownFileType = sourcecode.c.h; path = RadixTree.h; sourceTree = "<group>"; };
/* End PBXFileReference section */

/* Begin PBXFrameworksBuildPhase section */
		EBE798C927D28EBD00B3218C /* Frameworks */ = {
			isa = PBXFrameworksBuildPhase;
			buildActionMask = 2147483647;
			files = (
			);
			runOnlyForDeploymentPostprocessing = 0;
		};
/* End PBXFrameworksBuildPhase section */

/* Begin PBXGroup section */
		EBE798C327D28EBD00B3218C = {
			isa = PBXGroup;
			children = (
				EBE798CE27D28EBD00B3218C /* Project_4_ */,
				EBE798CD27D28EBD00B3218C /* Products */,
			);
			sourceTree = "<group>";
		};
		EBE798CD27D28EBD00B3218C /* Products */ = {
			isa = PBXGroup;
			children = (
				EBE798CC27D28EBD00B3218C /* Project_4_ */,
			);
			name = Products;
			sourceTree = "<group>";
		};
		EBE798CE27D28EBD00B3218C /* Project_4_ */ = {
			isa = PBXGroup;
			children = (
				EBE798CF27D28EBD00B3218C /* main.cpp */,
				EBE798D727D28EF600B3218C /* PersonProfile.cpp */,
				EBE798D827D28EF600B3218C /* PersonProfile.h */,
				EBE798DB27D28F0900B3218C /* MatchMaker.cpp */,
				EBE798DC27D28F0900B3218C /* MatchMaker.h */,
				EBE798DF27D28F1B00B3218C /* AttributeTranslator.cpp */,
				EBE798E027D28F1B00B3218C /* AttributeTranslator.h */,
				EBE798E427D28F3300B3218C /* MemberDatabase.cpp */,
				EBE798EA27D28F5F00B3218C /* provided.h */,
				EBE798E527D28F3300B3218C /* MemberDatabase.h */,
				EBE798EC27D2902100B3218C /* RadixTree.h */,
			);
			path = Project_4_;
			sourceTree = "<group>";
		};
/* End PBXGroup section */

/* Begin PBXNativeTarget section */
		EBE798CB27D28EBD00B3218C /* Project_4_ */ = {
			isa = PBXNativeTarget;
			buildConfigurationList = EBE798D327D28EBD00B3218C /* Build configuration list for PBXNativeTarget "Project_4_" */;
			buildPhases = (
				EBE798C827D28EBD00B3218C /* Sources */,
				EBE798C927D28EBD00B3218C /* Frameworks */,
				EBE798CA27D28EBD00B3218C /* CopyFiles */,
			);
			buildRules = (
			);
			dependencies = (
			);
			name = Project_4_;
			productName = Project_4_;
			productReference = EBE798CC27D28EBD00B3218C /* Project_4_ */;
			productType = "com.apple.product-type.tool";
		};
/* End PBXNativeTarget section */

/* Begin PBXProject section */
		EBE798C427D28EBD00B3218C /* Project object */ = {
			isa = PBXProject;
			attributes = {
				LastUpgradeCheck = 1240;
				TargetAttributes = {
					EBE798CB27D28EBD00B3218C = {
						CreatedOnToolsVersion = 12.4;
					};
				};
			};
			buildConfigurationList = EBE798C727D28EBD00B3218C /* Build configuration list for PBXProject "Project_4_" */;
			compatibilityVersion = "Xcode 9.3";
			developmentRegion = en;
			hasScannedForEncodings = 0;
			knownRegions = (
				en,
				Base,
			);
			mainGroup = EBE798C327D28EBD00B3218C;
			productRefGroup = EBE798CD27D28EBD00B3218C /* Products */;
			projectDirPath = "";
			projectRoot = "";
			targets = (
				EBE798CB27D28EBD00B3218C /* Project_4_ */,
			);
		};
/* End PBXProject section */

/* Begin PBXSourcesBuildPhase section */
		EBE798C827D28EBD00B3218C /* Sources */ = {
			isa = PBXSourcesBuildPhase;
			buildActionMask = 2147483647;
			files = (
				EBE798D927D28EF600B3218C /* PersonProfile.cpp in Sources */,
				EBE798DD27D28F0900B3218C /* MatchMaker.cpp in Sources */,
				EBE798E127D28F1B00B3218C /* AttributeTranslator.cpp in Sources */,
				EBE798D027D28EBD00B3218C /* main.cpp in Sources */,
				EBE798E627D28F3300B3218C /* MemberDatabase.cpp in Sources */,
			);
			runOnlyForDeploymentPostprocessing = 0;
		};
/* End PBXSourcesBuildPhase section */

/* Begin XCBuildConfiguration section */
		EBE798D127D28EBD00B3218C /* Debug */ = {
			isa = XCBuildConfiguration;
			buildSettings = {
				ALWAYS_SEARCH_USER_PATHS = NO;
				CLANG_ANALYZER_NONNULL = YES;
				CLANG_ANALYZER_NUMBER_OBJECT_CONVERSION = YES_AGGRESSIVE;
				CLANG_CXX_LANGUAGE_STANDARD = "gnu++14";
				CLANG_CXX_LIBRARY = "libc++";
				CLANG_ENABLE_MODULES = YES;
				CLANG_ENABLE_OBJC_ARC = YES;
				CLANG_ENABLE_OBJC_WEAK = YES;
				CLANG_WARN_BLOCK_CAPTURE_AUTORELEASING = YES;
				CLANG_WARN_BOOL_CONVERSION = YES;
				CLANG_WARN_COMMA = YES;
				CLANG_WARN_CONSTANT_CONVERSION = YES;
				CLANG_WARN_DEPRECATED_OBJC_IMPLEMENTATIONS = YES;
				CLANG_WARN_DIRECT_OBJC_ISA_USAGE = YES_ERROR;
				CLANG_WARN_DOCUMENTATION_COMMENTS = YES;
				CLANG_WARN_EMPTY_BODY = YES;
				CLANG_WARN_ENUM_CONVERSION = YES;
				CLANG_WARN_INFINITE_RECURSION = YES;
				CLANG_WARN_INT_CONVERSION = YES;
				CLANG_WARN_NON_LITERAL_NULL_CONVERSION = YES;
				CLANG_WARN_OBJC_IMPLICIT_RETAIN_SELF = YES;
				CLANG_WARN_OBJC_LITERAL_CONVERSION = YES;
				CLANG_WARN_OBJC_ROOT_CLASS = YES_ERROR;
				CLANG_WARN_QUOTED_INCLUDE_IN_FRAMEWORK_HEADER = YES;
				CLANG_WARN_RANGE_LOOP_ANALYSIS = YES;
				CLANG_WARN_STRICT_PROTOTYPES = YES;
				CLANG_WARN_SUSPICIOUS_MOVE = YES;
				CLANG_WARN_UNGUARDED_AVAILABILITY = YES_AGGRESSIVE;
				CLANG_WARN_UNREACHABLE_CODE = YES;
				CLANG_WARN__DUPLICATE_METHOD_MATCH = YES;
				COPY_PHASE_STRIP = NO;
				DEBUG_INFORMATION_FORMAT = dwarf;
				ENABLE_STRICT_OBJC_MSGSEND = YES;
				ENABLE_TESTABILITY = YES;
				GCC_C_LANGUAGE_STANDARD = gnu11;
				GCC_DYNAMIC_NO_PIC = NO;
				GCC_NO_COMMON_BLOCKS = YES;
				GCC_OPTIMIZATION_LEVEL = 0;
				GCC_PREPROCESSOR_DEFINITIONS = (
					"DEBUG=1",
					"$(inherited)",
				);
				GCC_WARN_64_TO_32_BIT_CONVERSION = YES;
				GCC_WARN_ABOUT_RETURN_TYPE = YES_ERROR;
				GCC_WARN_UNDECLARED_SELECTOR = YES;
				GCC_WARN_UNINITIALIZED_AUTOS = YES_AGGRESSIVE;
				GCC_WARN_UNUSED_FUNCTION = YES;
				GCC_WARN_UNUSED_VARIABLE = YES;
				MACOSX_DEPLOYMENT_TARGET = 11.1;
				MTL_ENABLE_DEBUG_INFO = INCLUDE_SOURCE;
				MTL_FAST_MATH = YES;
				ONLY_ACTIVE_ARCH = YES;
				SDKROOT = macosx;
			};
			name = Debug;
		};
		EBE798D227D28EBD00B3218C /* Release */ = {
			isa = XCBuildConfiguration;
			buildSettings = {
				ALWAYS_SEARCH_USER_PATHS = NO;
				CLANG_ANALYZER_NONNULL = YES;
				CLANG_ANALYZER_NUMBER_OBJECT_CONVERSION = YES_AGGRESSIVE;
				CLANG_CXX_LANGUAGE_STANDARD = "gnu++14";
				CLANG_CXX_LIBRARY = "libc++";
				CLANG_ENABLE_MODULES = YES;
				CLANG_ENABLE_OBJC_ARC = YES;
				CLANG_ENABLE_OBJC_WEAK = YES;
				CLANG_WARN_BLOCK_CAPTURE_AUTORELEASING = YES;
				CLANG_WARN_BOOL_CONVERSION = YES;
				CLANG_WARN_COMMA = YES;
				CLANG_WARN_CONSTANT_CONVERSION = YES;
				CLANG_WARN_DEPRECATED_OBJC_IMPLEMENTATIONS = YES;
				CLANG_WARN_DIRECT_OBJC_ISA_USAGE = YES_ERROR;
				CLANG_WARN_DOCUMENTATION_COMMENTS = YES;
				CLANG_WARN_EMPTY_BODY = YES;
				CLANG_WARN_ENUM_CONVERSION = YES;
				CLANG_WARN_INFINITE_RECURSION = YES;
				CLANG_WARN_INT_CONVERSION = YES;
				CLANG_WARN_NON_LITERAL_NULL_CONVERSION = YES;
				CLANG_WARN_OBJC_IMPLICIT_RETAIN_SELF = YES;
				CLANG_WARN_OBJC_LITERAL_CONVERSION = YES;
				CLANG_WARN_OBJC_ROOT_CLASS = YES_ERROR;
				CLANG_WARN_QUOTED_INCLUDE_IN_FRAMEWORK_HEADER = YES;
				CLANG_WARN_RANGE_LOOP_ANALYSIS = YES;
				CLANG_WARN_STRICT_PROTOTYPES = YES;
				CLANG_WARN_SUSPICIOUS_MOVE = YES;
				CLANG_WARN_UNGUARDED_AVAILABILITY = YES_AGGRESSIVE;
				CLANG_WARN_UNREACHABLE_CODE = YES;
				CLANG_WARN__DUPLICATE_METHOD_MATCH = YES;
				COPY_PHASE_STRIP = NO;
				DEBUG_INFORMATION_FORMAT = "dwarf-with-dsym";
				ENABLE_NS_ASSERTIONS = NO;
				ENABLE_STRICT_OBJC_MSGSEND = YES;
				GCC_C_LANGUAGE_STANDARD = gnu11;
				GCC_NO_COMMON_BLOCKS = YES;
				GCC_WARN_64_TO_32_BIT_CONVERSION = YES;
				GCC_WARN_ABOUT_RETURN_TYPE = YES_ERROR;
				GCC_WARN_UNDECLARED_SELECTOR = YES;
				GCC_WARN_UNINITIALIZED_AUTOS = YES_AGGRESSIVE;
				GCC_WARN_UNUSED_FUNCTION = YES;
				GCC_WARN_UNUSED_VARIABLE = YES;
				MACOSX_DEPLOYMENT_TARGET = 11.1;
				MTL_ENABLE_DEBUG_INFO = NO;
				MTL_FAST_MATH = YES;
				SDKROOT = macosx;
			};
			name = Release;
		};
		EBE798D427D28EBD00B3218C /* Debug */ = {
			isa = XCBuildConfiguration;
			buildSettings = {
				CODE_SIGN_STYLE = Automatic;
				PRODUCT_NAME = "$(TARGET_NAME)";
			};
			name = Debug;
		};
		EBE798D527D28EBD00B3218C /* Release */ = {
			isa = XCBuildConfiguration;
			buildSettings = {
				CODE_SIGN_STYLE = Automatic;
				PRODUCT_NAME = "$(TARGET_NAME)";
			};
			name = Release;
		};
/* End XCBuildConfiguration section */

/* Begin XCConfigurationList section */
		EBE798C727D28EBD00B3218C /* Build configuration list for PBXProject "Project_4_" */ = {
			isa = XCConfigurationList;
			buildConfigurations = (
				EBE798D127D28EBD00B3218C /* Debug */,
				EBE798D227D28EBD00B3218C /* Release */,
			);
			defaultConfigurationIsVisible = 0;
			defaultConfigurationName = Release;
		};
		EBE798D327D28EBD00B3218C /* Build configuration list for PBXNativeTarget "Project_4_" */ = {
			isa = XCConfigurationList;
			buildConfigurations = (
				EBE798D427D28EBD00B3218C /* Debug */,
				EBE798D527D28EBD00B3218C /* Release */,
			);
			defaultConfigurationIsVisible = 0;
			defaultConfigurationName = Release;
		};
/* End XCConfigurationList section */
	};
	rootObject = EBE798C427D28EBD00B3218C /* Project object */;
}
